
Microsoft Visual Studio Solution File, Format Version 12.00
# Visual Studio Version 17
VisualStudioVersion = 17.7.34221.43
MinimumVisualStudioVersion = 10.0.40219.1
Project("{FAE04EC0-301F-11D3-BF4B-00C04F79EFBC}") = "Server", "Server\Server.csproj", "{B80DA4FA-530B-43BF-926E-33882F2AB5FD}"
EndProject
Project("{FAE04EC0-301F-11D3-BF4B-00C04F79EFBC}") = "Client", "Client\Client.csproj", "{B416CD0C-4040-4C75-8527-770E94D71C93}"
EndProject
Global
	GlobalSection(SolutionConfigurationPlatforms) = preSolution
		Debug|Any CPU = Debug|Any CPU
		Release|Any CPU = Release|Any CPU
	EndGlobalSection
	GlobalSection(ProjectConfigurationPlatforms) = postSolution
		{B80DA4FA-530B-43BF-926E-33882F2AB5FD}.Debug|Any CPU.ActiveCfg = Debug|Any CPU
		{B80DA4FA-530B-43BF-926E-33882F2AB5FD}.Debug|Any CPU.Build.0 = Debug|Any CPU
		{B80DA4FA-530B-43BF-926E-33882F2AB5FD}.Release|Any CPU.ActiveCfg = Release|Any CPU
		{B80DA4FA-530B-43BF-926E-33882F2AB5FD}.Release|Any CPU.Build.0 = Release|Any CPU
		{B416CD0C-4040-4C75-8527-770E94D71C93}.Debug|Any CPU.ActiveCfg = Debug|Any CPU
		{B416CD0C-4040-4C75-8527-770E94D71C93}.Debug|Any CPU.Build.0 = Debug|Any CPU
		{B416CD0C-4040-4C75-8527-770E94D71C93}.Release|Any CPU.ActiveCfg = Release|Any CPU
		{B416CD0C-4040-4C75-8527-770E94D71C93}.Release|Any CPU.Build.0 = Release|Any CPU
	EndGlobalSection
	GlobalSection(SolutionProperties) = preSolution
		HideSolutionNode = FALSE
	EndGlobalSection
	GlobalSection(ExtensibilityGlobals) = postSolution
		SolutionGuid = {6B1085AA-CAC9-4911-83AD-D70781A59CDF}
	EndGlobalSection
EndGlobal
